
Microsoft Visual Studio Solution File, Format Version 12.00
# Visual Studio Version 17
VisualStudioVersion = 17.0.32112.339
MinimumVisualStudioVersion = 10.0.40219.1
Project("{2150E333-8FDC-42A3-9474-1A3956D46DE8}") = "Assessments", "Assessments", "{0B78E197-A66C-47B8-96B7-25664A4FE619}"
EndProject
Project("{2150E333-8FDC-42A3-9474-1A3956D46DE8}") = "Exercises", "Exercises", "{7870B93D-ACE0-41E8-B85F-B725EBD92E90}"
EndProject
Project("{2150E333-8FDC-42A3-9474-1A3956D46DE8}") = "Other", "Other", "{31081145-A008-4710-81B5-8832292D2CBF}"
EndProject
Project("{2150E333-8FDC-42A3-9474-1A3956D46DE8}") = "Task 1", "Task 1", "{B1E11BEE-3328-4B66-9BCF-27EE11BA6826}"
EndProject
Project("{8BC9CEB8-8B4A-11D0-8D11-00A0C91BC942}") = "RaylibStarterCPP", "Other\RaylibStarterCPP\RaylibStarterCPP.vcxproj", "{8A35B2A3-644A-49A1-88DB-24EB23F47737}"
EndProject
Project("{8BC9CEB8-8B4A-11D0-8D11-00A0C91BC942}") = "AIE_01", "Assessments\Task 1\AIE_01\AIE_01.vcxproj", "{DE5D0F0F-D44C-46E4-BCE9-F82D8B538B84}"
EndProject
Project("{8BC9CEB8-8B4A-11D0-8D11-00A0C91BC942}") = "AIE_02", "Assessments\Task 1\AIE_02\AIE_02.vcxproj", "{8ECCA592-38E2-4631-A381-C253F74BC0D1}"
EndProject
Project("{8BC9CEB8-8B4A-11D0-8D11-00A0C91BC942}") = "AIE_03", "Assessments\Task 1\AIE_03\AIE_03.vcxproj", "{906238BE-65A7-468E-A287-D78F3B4E891A}"
EndProject
Project("{8BC9CEB8-8B4A-11D0-8D11-00A0C91BC942}") = "AIE_04", "Assessments\Task 1\AIE_04\AIE_04.vcxproj", "{A8BC6B51-CA08-45AE-976E-05AFD495E270}"
EndProject
Project("{8BC9CEB8-8B4A-11D0-8D11-00A0C91BC942}") = "AIE_05", "Assessments\Task 1\AIE_05\AIE_05.vcxproj", "{B5C48E9C-3067-4CCE-8E18-7C390017FCC5}"
EndProject
Project("{8BC9CEB8-8B4A-11D0-8D11-00A0C91BC942}") = "AIE_06", "Assessments\Task 1\AIE_06\AIE_06.vcxproj", "{EA0DF64E-9D87-45BF-A840-355C397290BF}"
EndProject
Project("{2150E333-8FDC-42A3-9474-1A3956D46DE8}") = "Task 2", "Task 2", "{1FFAF69B-5429-48B8-B61B-792F7CCF1124}"
EndProject
Project("{8BC9CEB8-8B4A-11D0-8D11-00A0C91BC942}") = "Debugging", "Assessments\Task 2\Debugging\Debugging.vcxproj", "{7544D2EA-300C-4AEB-AA7F-438762AE001F}"
EndProject
Project("{8BC9CEB8-8B4A-11D0-8D11-00A0C91BC942}") = "AIE01_HelloWorld", "Exercises\AIE01_HelloWorld\AIE01_HelloWorld.vcxproj", "{A0D6BDC2-C156-4B52-AFA8-CC78F42699A7}"
EndProject
Project("{8BC9CEB8-8B4A-11D0-8D11-00A0C91BC942}") = "AIE02_VariableSizes", "Exercises\AIE02_VariableSizes\AIE02_VariableSizes.vcxproj", "{A1D3E736-257B-417A-8A11-26D6C92889D7}"
EndProject
Project("{8BC9CEB8-8B4A-11D0-8D11-00A0C91BC942}") = "AIE03_FortuneTeller", "Exercises\AIE03_FortuneTeller\AIE03_FortuneTeller.vcxproj", "{82A538BD-ABEA-4860-A9AC-D564251ECF51}"
EndProject
Project("{8BC9CEB8-8B4A-11D0-8D11-00A0C91BC942}") = "AIE04_HiLow", "Exercises\AIE04_HiLow\AIE04_HiLow.vcxproj", "{6F8DB28D-0FB6-493B-9927-9211D23747FC}"
EndProject
Project("{8BC9CEB8-8B4A-11D0-8D11-00A0C91BC942}") = "AIE05_IsAVowel", "Exercises\AIE05_IsAVowel\AIE05_IsAVowel.vcxproj", "{3054848B-1771-4199-8532-A7F33E769FE4}"
EndProject
Project("{8BC9CEB8-8B4A-11D0-8D11-00A0C91BC942}") = "AIE06_StringLength", "Exercises\AIE06_StringLength\AIE06_StringLength.vcxproj", "{A0568491-1C6F-46E8-BF04-60F0E4095D9E}"
EndProject
Project("{8BC9CEB8-8B4A-11D0-8D11-00A0C91BC942}") = "Zorp", "Other\Zorp\Zorp.vcxproj", "{B69CBC28-725A-4A9E-91A6-2FD201F1BD28}"
EndProject
Project("{8BC9CEB8-8B4A-11D0-8D11-00A0C91BC942}") = "AIE12_ConsoleAppClass", "Exercises\AIE12_ConsoleAppClass\AIE12_ConsoleAppClass.vcxproj", "{EC4912A1-ED87-49C1-ACE3-B56CFE63DAE7}"
EndProject
Project("{8BC9CEB8-8B4A-11D0-8D11-00A0C91BC942}") = "AIE18_IntroPointers", "Exercises\AIE18_IntroPointers\AIE18_IntroPointers.vcxproj", "{5CE115FB-76EF-4B7D-A465-B85524A810DE}"
EndProject
Global
	GlobalSection(SolutionConfigurationPlatforms) = preSolution
		Debug|x64 = Debug|x64
		Debug|x86 = Debug|x86
		Release|x64 = Release|x64
		Release|x86 = Release|x86
	EndGlobalSection
	GlobalSection(ProjectConfigurationPlatforms) = postSolution
		{8A35B2A3-644A-49A1-88DB-24EB23F47737}.Debug|x64.ActiveCfg = Debug|x64
		{8A35B2A3-644A-49A1-88DB-24EB23F47737}.Debug|x64.Build.0 = Debug|x64
		{8A35B2A3-644A-49A1-88DB-24EB23F47737}.Debug|x86.ActiveCfg = Debug|Win32
		{8A35B2A3-644A-49A1-88DB-24EB23F47737}.Debug|x86.Build.0 = Debug|Win32
		{8A35B2A3-644A-49A1-88DB-24EB23F47737}.Release|x64.ActiveCfg = Release|x64
		{8A35B2A3-644A-49A1-88DB-24EB23F47737}.Release|x64.Build.0 = Release|x64
		{8A35B2A3-644A-49A1-88DB-24EB23F47737}.Release|x86.ActiveCfg = Release|Win32
		{8A35B2A3-644A-49A1-88DB-24EB23F47737}.Release|x86.Build.0 = Release|Win32
		{DE5D0F0F-D44C-46E4-BCE9-F82D8B538B84}.Debug|x64.ActiveCfg = Debug|x64
		{DE5D0F0F-D44C-46E4-BCE9-F82D8B538B84}.Debug|x64.Build.0 = Debug|x64
		{DE5D0F0F-D44C-46E4-BCE9-F82D8B538B84}.Debug|x86.ActiveCfg = Debug|Win32
		{DE5D0F0F-D44C-46E4-BCE9-F82D8B538B84}.Debug|x86.Build.0 = Debug|Win32
		{DE5D0F0F-D44C-46E4-BCE9-F82D8B538B84}.Release|x64.ActiveCfg = Release|x64
		{DE5D0F0F-D44C-46E4-BCE9-F82D8B538B84}.Release|x64.Build.0 = Release|x64
		{DE5D0F0F-D44C-46E4-BCE9-F82D8B538B84}.Release|x86.ActiveCfg = Release|Win32
		{DE5D0F0F-D44C-46E4-BCE9-F82D8B538B84}.Release|x86.Build.0 = Release|Win32
		{8ECCA592-38E2-4631-A381-C253F74BC0D1}.Debug|x64.ActiveCfg = Debug|x64
		{8ECCA592-38E2-4631-A381-C253F74BC0D1}.Debug|x64.Build.0 = Debug|x64
		{8ECCA592-38E2-4631-A381-C253F74BC0D1}.Debug|x86.ActiveCfg = Debug|Win32
		{8ECCA592-38E2-4631-A381-C253F74BC0D1}.Debug|x86.Build.0 = Debug|Win32
		{8ECCA592-38E2-4631-A381-C253F74BC0D1}.Release|x64.ActiveCfg = Release|x64
		{8ECCA592-38E2-4631-A381-C253F74BC0D1}.Release|x64.Build.0 = Release|x64
		{8ECCA592-38E2-4631-A381-C253F74BC0D1}.Release|x86.ActiveCfg = Release|Win32
		{8ECCA592-38E2-4631-A381-C253F74BC0D1}.Release|x86.Build.0 = Release|Win32
		{906238BE-65A7-468E-A287-D78F3B4E891A}.Debug|x64.ActiveCfg = Debug|x64
		{906238BE-65A7-468E-A287-D78F3B4E891A}.Debug|x64.Build.0 = Debug|x64
		{906238BE-65A7-468E-A287-D78F3B4E891A}.Debug|x86.ActiveCfg = Debug|Win32
		{906238BE-65A7-468E-A287-D78F3B4E891A}.Debug|x86.Build.0 = Debug|Win32
		{906238BE-65A7-468E-A287-D78F3B4E891A}.Release|x64.ActiveCfg = Release|x64
		{906238BE-65A7-468E-A287-D78F3B4E891A}.Release|x64.Build.0 = Release|x64
		{906238BE-65A7-468E-A287-D78F3B4E891A}.Release|x86.ActiveCfg = Release|Win32
		{906238BE-65A7-468E-A287-D78F3B4E891A}.Release|x86.Build.0 = Release|Win32
		{A8BC6B51-CA08-45AE-976E-05AFD495E270}.Debug|x64.ActiveCfg = Debug|x64
		{A8BC6B51-CA08-45AE-976E-05AFD495E270}.Debug|x64.Build.0 = Debug|x64
		{A8BC6B51-CA08-45AE-976E-05AFD495E270}.Debug|x86.ActiveCfg = Debug|Win32
		{A8BC6B51-CA08-45AE-976E-05AFD495E270}.Debug|x86.Build.0 = Debug|Win32
		{A8BC6B51-CA08-45AE-976E-05AFD495E270}.Release|x64.ActiveCfg = Release|x64
		{A8BC6B51-CA08-45AE-976E-05AFD495E270}.Release|x64.Build.0 = Release|x64
		{A8BC6B51-CA08-45AE-976E-05AFD495E270}.Release|x86.ActiveCfg = Release|Win32
		{A8BC6B51-CA08-45AE-976E-05AFD495E270}.Release|x86.Build.0 = Release|Win32
		{B5C48E9C-3067-4CCE-8E18-7C390017FCC5}.Debug|x64.ActiveCfg = Debug|x64
		{B5C48E9C-3067-4CCE-8E18-7C390017FCC5}.Debug|x64.Build.0 = Debug|x64
		{B5C48E9C-3067-4CCE-8E18-7C390017FCC5}.Debug|x86.ActiveCfg = Debug|Win32
		{B5C48E9C-3067-4CCE-8E18-7C390017FCC5}.Debug|x86.Build.0 = Debug|Win32
		{B5C48E9C-3067-4CCE-8E18-7C390017FCC5}.Release|x64.ActiveCfg = Release|x64
		{B5C48E9C-3067-4CCE-8E18-7C390017FCC5}.Release|x64.Build.0 = Release|x64
		{B5C48E9C-3067-4CCE-8E18-7C390017FCC5}.Release|x86.ActiveCfg = Release|Win32
		{B5C48E9C-3067-4CCE-8E18-7C390017FCC5}.Release|x86.Build.0 = Release|Win32
		{EA0DF64E-9D87-45BF-A840-355C397290BF}.Debug|x64.ActiveCfg = Debug|x64
		{EA0DF64E-9D87-45BF-A840-355C397290BF}.Debug|x64.Build.0 = Debug|x64
		{EA0DF64E-9D87-45BF-A840-355C397290BF}.Debug|x86.ActiveCfg = Debug|Win32
		{EA0DF64E-9D87-45BF-A840-355C397290BF}.Debug|x86.Build.0 = Debug|Win32
		{EA0DF64E-9D87-45BF-A840-355C397290BF}.Release|x64.ActiveCfg = Release|x64
		{EA0DF64E-9D87-45BF-A840-355C397290BF}.Release|x64.Build.0 = Release|x64
		{EA0DF64E-9D87-45BF-A840-355C397290BF}.Release|x86.ActiveCfg = Release|Win32
		{EA0DF64E-9D87-45BF-A840-355C397290BF}.Release|x86.Build.0 = Release|Win32
		{7544D2EA-300C-4AEB-AA7F-438762AE001F}.Debug|x64.ActiveCfg = Debug|x64
		{7544D2EA-300C-4AEB-AA7F-438762AE001F}.Debug|x64.Build.0 = Debug|x64
		{7544D2EA-300C-4AEB-AA7F-438762AE001F}.Debug|x86.ActiveCfg = Debug|Win32
		{7544D2EA-300C-4AEB-AA7F-438762AE001F}.Debug|x86.Build.0 = Debug|Win32
		{7544D2EA-300C-4AEB-AA7F-438762AE001F}.Release|x64.ActiveCfg = Release|x64
		{7544D2EA-300C-4AEB-AA7F-438762AE001F}.Release|x64.Build.0 = Release|x64
		{7544D2EA-300C-4AEB-AA7F-438762AE001F}.Release|x86.ActiveCfg = Release|Win32
		{7544D2EA-300C-4AEB-AA7F-438762AE001F}.Release|x86.Build.0 = Release|Win32
		{A0D6BDC2-C156-4B52-AFA8-CC78F42699A7}.Debug|x64.ActiveCfg = Debug|x64
		{A0D6BDC2-C156-4B52-AFA8-CC78F42699A7}.Debug|x64.Build.0 = Debug|x64
		{A0D6BDC2-C156-4B52-AFA8-CC78F42699A7}.Debug|x86.ActiveCfg = Debug|Win32
		{A0D6BDC2-C156-4B52-AFA8-CC78F42699A7}.Debug|x86.Build.0 = Debug|Win32
		{A0D6BDC2-C156-4B52-AFA8-CC78F42699A7}.Release|x64.ActiveCfg = Release|x64
		{A0D6BDC2-C156-4B52-AFA8-CC78F42699A7}.Release|x64.Build.0 = Release|x64
		{A0D6BDC2-C156-4B52-AFA8-CC78F42699A7}.Release|x86.ActiveCfg = Release|Win32
		{A0D6BDC2-C156-4B52-AFA8-CC78F42699A7}.Release|x86.Build.0 = Release|Win32
		{A1D3E736-257B-417A-8A11-26D6C92889D7}.Debug|x64.ActiveCfg = Debug|x64
		{A1D3E736-257B-417A-8A11-26D6C92889D7}.Debug|x64.Build.0 = Debug|x64
		{A1D3E736-257B-417A-8A11-26D6C92889D7}.Debug|x86.ActiveCfg = Debug|Win32
		{A1D3E736-257B-417A-8A11-26D6C92889D7}.Debug|x86.Build.0 = Debug|Win32
		{A1D3E736-257B-417A-8A11-26D6C92889D7}.Release|x64.ActiveCfg = Release|x64
		{A1D3E736-257B-417A-8A11-26D6C92889D7}.Release|x64.Build.0 = Release|x64
		{A1D3E736-257B-417A-8A11-26D6C92889D7}.Release|x86.ActiveCfg = Release|Win32
		{A1D3E736-257B-417A-8A11-26D6C92889D7}.Release|x86.Build.0 = Release|Win32
		{82A538BD-ABEA-4860-A9AC-D564251ECF51}.Debug|x64.ActiveCfg = Debug|x64
		{82A538BD-ABEA-4860-A9AC-D564251ECF51}.Debug|x64.Build.0 = Debug|x64
		{82A538BD-ABEA-4860-A9AC-D564251ECF51}.Debug|x86.ActiveCfg = Debug|Win32
		{82A538BD-ABEA-4860-A9AC-D564251ECF51}.Debug|x86.Build.0 = Debug|Win32
		{82A538BD-ABEA-4860-A9AC-D564251ECF51}.Release|x64.ActiveCfg = Release|x64
		{82A538BD-ABEA-4860-A9AC-D564251ECF51}.Release|x64.Build.0 = Release|x64
		{82A538BD-ABEA-4860-A9AC-D564251ECF51}.Release|x86.ActiveCfg = Release|Win32
		{82A538BD-ABEA-4860-A9AC-D564251ECF51}.Release|x86.Build.0 = Release|Win32
		{6F8DB28D-0FB6-493B-9927-9211D23747FC}.Debug|x64.ActiveCfg = Debug|x64
		{6F8DB28D-0FB6-493B-9927-9211D23747FC}.Debug|x64.Build.0 = Debug|x64
		{6F8DB28D-0FB6-493B-9927-9211D23747FC}.Debug|x86.ActiveCfg = Debug|Win32
		{6F8DB28D-0FB6-493B-9927-9211D23747FC}.Debug|x86.Build.0 = Debug|Win32
		{6F8DB28D-0FB6-493B-9927-9211D23747FC}.Release|x64.ActiveCfg = Release|x64
		{6F8DB28D-0FB6-493B-9927-9211D23747FC}.Release|x64.Build.0 = Release|x64
		{6F8DB28D-0FB6-493B-9927-9211D23747FC}.Release|x86.ActiveCfg = Release|Win32
		{6F8DB28D-0FB6-493B-9927-9211D23747FC}.Release|x86.Build.0 = Release|Win32
		{3054848B-1771-4199-8532-A7F33E769FE4}.Debug|x64.ActiveCfg = Debug|x64
		{3054848B-1771-4199-8532-A7F33E769FE4}.Debug|x64.Build.0 = Debug|x64
		{3054848B-1771-4199-8532-A7F33E769FE4}.Debug|x86.ActiveCfg = Debug|Win32
		{3054848B-1771-4199-8532-A7F33E769FE4}.Debug|x86.Build.0 = Debug|Win32
		{3054848B-1771-4199-8532-A7F33E769FE4}.Release|x64.ActiveCfg = Release|x64
		{3054848B-1771-4199-8532-A7F33E769FE4}.Release|x64.Build.0 = Release|x64
		{3054848B-1771-4199-8532-A7F33E769FE4}.Release|x86.ActiveCfg = Release|Win32
		{3054848B-1771-4199-8532-A7F33E769FE4}.Release|x86.Build.0 = Release|Win32
		{A0568491-1C6F-46E8-BF04-60F0E4095D9E}.Debug|x64.ActiveCfg = Debug|x64
		{A0568491-1C6F-46E8-BF04-60F0E4095D9E}.Debug|x64.Build.0 = Debug|x64
		{A0568491-1C6F-46E8-BF04-60F0E4095D9E}.Debug|x86.ActiveCfg = Debug|Win32
		{A0568491-1C6F-46E8-BF04-60F0E4095D9E}.Debug|x86.Build.0 = Debug|Win32
		{A0568491-1C6F-46E8-BF04-60F0E4095D9E}.Release|x64.ActiveCfg = Release|x64
		{A0568491-1C6F-46E8-BF04-60F0E4095D9E}.Release|x64.Build.0 = Release|x64
		{A0568491-1C6F-46E8-BF04-60F0E4095D9E}.Release|x86.ActiveCfg = Release|Win32
		{A0568491-1C6F-46E8-BF04-60F0E4095D9E}.Release|x86.Build.0 = Release|Win32
		{B69CBC28-725A-4A9E-91A6-2FD201F1BD28}.Debug|x64.ActiveCfg = Debug|x64
		{B69CBC28-725A-4A9E-91A6-2FD201F1BD28}.Debug|x64.Build.0 = Debug|x64
		{B69CBC28-725A-4A9E-91A6-2FD201F1BD28}.Debug|x86.ActiveCfg = Debug|Win32
		{B69CBC28-725A-4A9E-91A6-2FD201F1BD28}.Debug|x86.Build.0 = Debug|Win32
		{B69CBC28-725A-4A9E-91A6-2FD201F1BD28}.Release|x64.ActiveCfg = Release|x64
		{B69CBC28-725A-4A9E-91A6-2FD201F1BD28}.Release|x64.Build.0 = Release|x64
		{B69CBC28-725A-4A9E-91A6-2FD201F1BD28}.Release|x86.ActiveCfg = Release|Win32
		{B69CBC28-725A-4A9E-91A6-2FD201F1BD28}.Release|x86.Build.0 = Release|Win32
		{EC4912A1-ED87-49C1-ACE3-B56CFE63DAE7}.Debug|x64.ActiveCfg = Debug|x64
		{EC4912A1-ED87-49C1-ACE3-B56CFE63DAE7}.Debug|x64.Build.0 = Debug|x64
		{EC4912A1-ED87-49C1-ACE3-B56CFE63DAE7}.Debug|x86.ActiveCfg = Debug|Win32
		{EC4912A1-ED87-49C1-ACE3-B56CFE63DAE7}.Debug|x86.Build.0 = Debug|Win32
		{EC4912A1-ED87-49C1-ACE3-B56CFE63DAE7}.Release|x64.ActiveCfg = Release|x64
		{EC4912A1-ED87-49C1-ACE3-B56CFE63DAE7}.Release|x64.Build.0 = Release|x64
		{EC4912A1-ED87-49C1-ACE3-B56CFE63DAE7}.Release|x86.ActiveCfg = Release|Win32
		{EC4912A1-ED87-49C1-ACE3-B56CFE63DAE7}.Release|x86.Build.0 = Release|Win32
		{5CE115FB-76EF-4B7D-A465-B85524A810DE}.Debug|x64.ActiveCfg = Debug|x64
		{5CE115FB-76EF-4B7D-A465-B85524A810DE}.Debug|x64.Build.0 = Debug|x64
		{5CE115FB-76EF-4B7D-A465-B85524A810DE}.Debug|x86.ActiveCfg = Debug|Win32
		{5CE115FB-76EF-4B7D-A465-B85524A810DE}.Debug|x86.Build.0 = Debug|Win32
		{5CE115FB-76EF-4B7D-A465-B85524A810DE}.Release|x64.ActiveCfg = Release|x64
		{5CE115FB-76EF-4B7D-A465-B85524A810DE}.Release|x64.Build.0 = Release|x64
		{5CE115FB-76EF-4B7D-A465-B85524A810DE}.Release|x86.ActiveCfg = Release|Win32
		{5CE115FB-76EF-4B7D-A465-B85524A810DE}.Release|x86.Build.0 = Release|Win32
	EndGlobalSection
	GlobalSection(SolutionProperties) = preSolution
		HideSolutionNode = FALSE
	EndGlobalSection
	GlobalSection(NestedProjects) = preSolution
		{B1E11BEE-3328-4B66-9BCF-27EE11BA6826} = {0B78E197-A66C-47B8-96B7-25664A4FE619}
		{8A35B2A3-644A-49A1-88DB-24EB23F47737} = {31081145-A008-4710-81B5-8832292D2CBF}
		{DE5D0F0F-D44C-46E4-BCE9-F82D8B538B84} = {B1E11BEE-3328-4B66-9BCF-27EE11BA6826}
		{8ECCA592-38E2-4631-A381-C253F74BC0D1} = {B1E11BEE-3328-4B66-9BCF-27EE11BA6826}
		{906238BE-65A7-468E-A287-D78F3B4E891A} = {B1E11BEE-3328-4B66-9BCF-27EE11BA6826}
		{A8BC6B51-CA08-45AE-976E-05AFD495E270} = {B1E11BEE-3328-4B66-9BCF-27EE11BA6826}
		{B5C48E9C-3067-4CCE-8E18-7C390017FCC5} = {B1E11BEE-3328-4B66-9BCF-27EE11BA6826}
		{EA0DF64E-9D87-45BF-A840-355C397290BF} = {B1E11BEE-3328-4B66-9BCF-27EE11BA6826}
		{1FFAF69B-5429-48B8-B61B-792F7CCF1124} = {0B78E197-A66C-47B8-96B7-25664A4FE619}
		{7544D2EA-300C-4AEB-AA7F-438762AE001F} = {1FFAF69B-5429-48B8-B61B-792F7CCF1124}
		{A0D6BDC2-C156-4B52-AFA8-CC78F42699A7} = {7870B93D-ACE0-41E8-B85F-B725EBD92E90}
		{A1D3E736-257B-417A-8A11-26D6C92889D7} = {7870B93D-ACE0-41E8-B85F-B725EBD92E90}
		{82A538BD-ABEA-4860-A9AC-D564251ECF51} = {7870B93D-ACE0-41E8-B85F-B725EBD92E90}
		{6F8DB28D-0FB6-493B-9927-9211D23747FC} = {7870B93D-ACE0-41E8-B85F-B725EBD92E90}
		{3054848B-1771-4199-8532-A7F33E769FE4} = {7870B93D-ACE0-41E8-B85F-B725EBD92E90}
		{A0568491-1C6F-46E8-BF04-60F0E4095D9E} = {7870B93D-ACE0-41E8-B85F-B725EBD92E90}
		{B69CBC28-725A-4A9E-91A6-2FD201F1BD28} = {31081145-A008-4710-81B5-8832292D2CBF}
		{EC4912A1-ED87-49C1-ACE3-B56CFE63DAE7} = {7870B93D-ACE0-41E8-B85F-B725EBD92E90}
		{5CE115FB-76EF-4B7D-A465-B85524A810DE} = {7870B93D-ACE0-41E8-B85F-B725EBD92E90}
	EndGlobalSection
	GlobalSection(ExtensibilityGlobals) = postSolution
		SolutionGuid = {8E6272B1-ED3C-4546-84BC-317C24ECD631}
	EndGlobalSection
EndGlobal
